PODS:
  - Alamofire (4.7.3)
  - SDWebImage (4.4.2):
    - SDWebImage/Core (= 4.4.2)
  - SDWebImage/Core (4.4.2)
  - TableviewPaginator (0.1.0)

DEPENDENCIES:
  - Alamofire (~> 4.7)
  - SDWebImage (~> 4.0)
  - TableviewPaginator

SPEC REPOS:
  https://github.com/cocoapods/specs.git:
    - Alamofire
    - SDWebImage
    - TableviewPaginator

SPEC CHECKSUMS:
  Alamofire: c7287b6e5d7da964a70935e5db17046b7fde6568
  SDWebImage: 624d6e296c69b244bcede364c72ae0430ac14681
  TableviewPaginator: fbb588335f0466aa534103d0d94bd7861dc0b342

PODFILE CHECKSUM: 7465911cca8c2aa911b447969f9244a58a6929a4

COCOAPODS: 1.5.3
